
Microsoft Visual Studio Solution File, Format Version 12.00
# Visual Studio Version 16
VisualStudioVersion = 16.0.30225.117
MinimumVisualStudioVersion = 10.0.40219.1
Project("{9A19103F-16F7-4668-BE54-9A1E7A4F7556}") = "BomberGameProject", "BomberGameProject\BomberGameProject.csproj", "{F512B8D5-EF4A-474A-A85F-A9C26AA68912}"
EndProject
Global
	GlobalSection(SolutionConfigurationPlatforms) = preSolution
		Debug|Any CPU = Debug|Any CPU
		Release|Any CPU = Release|Any CPU
	EndGlobalSection
	GlobalSection(ProjectConfigurationPlatforms) = postSolution
		{F512B8D5-EF4A-474A-A85F-A9C26AA68912}.Debug|Any CPU.ActiveCfg = Debug|Any CPU
		{F512B8D5-EF4A-474A-A85F-A9C26AA68912}.Debug|Any CPU.Build.0 = Debug|Any CPU
		{F512B8D5-EF4A-474A-A85F-A9C26AA68912}.Release|Any CPU.ActiveCfg = Release|Any CPU
		{F512B8D5-EF4A-474A-A85F-A9C26AA68912}.Release|Any CPU.Build.0 = Release|Any CPU
	EndGlobalSection
	GlobalSection(SolutionProperties) = preSolution
		HideSolutionNode = FALSE
	EndGlobalSection
	GlobalSection(ExtensibilityGlobals) = postSolution
		SolutionGuid = {B82C9B98-64BE-4B47-AD91-40ED2CD8B9B7}
	EndGlobalSection
EndGlobal
